
Microsoft Visual Studio Solution File, Format Version 12.00
# Visual Studio Version 16
VisualStudioVersion = 16.0.30517.126
MinimumVisualStudioVersion = 10.0.40219.1
Project("{E24C65DC-7377-472B-9ABA-BC803B73C61A}") = "LJPalma", ".", "{E200660E-CB54-45A2-87B8-1A9BD27E6B82}"
	ProjectSection(WebsiteProperties) = preProject
		TargetFrameworkMoniker = ".NETFramework,Version%3Dv4.0"
		Debug.AspNetCompiler.VirtualPath = "/localhost_61423"
		Debug.AspNetCompiler.PhysicalPath = "..\LJPalma\"
		Debug.AspNetCompiler.TargetPath = "PrecompiledWeb\localhost_61423\"
		Debug.AspNetCompiler.Updateable = "true"
		Debug.AspNetCompiler.ForceOverwrite = "true"
		Debug.AspNetCompiler.FixedNames = "false"
		Debug.AspNetCompiler.Debug = "True"
		Release.AspNetCompiler.VirtualPath = "/localhost_61423"
		Release.AspNetCompiler.PhysicalPath = "..\LJPalma\"
		Release.AspNetCompiler.TargetPath = "PrecompiledWeb\localhost_61423\"
		Release.AspNetCompiler.Updateable = "true"
		Release.AspNetCompiler.ForceOverwrite = "true"
		Release.AspNetCompiler.FixedNames = "false"
		Release.AspNetCompiler.Debug = "False"
		VWDPort = "61423"
		SlnRelativePath = "..\LJPalma\"
	EndProjectSection
EndProject
Global
	GlobalSection(SolutionConfigurationPlatforms) = preSolution
		Debug|Any CPU = Debug|Any CPU
	EndGlobalSection
	GlobalSection(ProjectConfigurationPlatforms) = postSolution
		{E200660E-CB54-45A2-87B8-1A9BD27E6B82}.Debug|Any CPU.ActiveCfg = Debug|Any CPU
		{E200660E-CB54-45A2-87B8-1A9BD27E6B82}.Debug|Any CPU.Build.0 = Debug|Any CPU
	EndGlobalSection
	GlobalSection(SolutionProperties) = preSolution
		HideSolutionNode = FALSE
	EndGlobalSection
	GlobalSection(ExtensibilityGlobals) = postSolution
		SolutionGuid = {B52E03A0-1D10-4B01-98BA-100B9E8CA469}
	EndGlobalSection
EndGlobal
